
Microsoft Visual Studio Solution File, Format Version 12.00
# Visual Studio Version 17
VisualStudioVersion = 17.6.33815.320
MinimumVisualStudioVersion = 10.0.40219.1
Project("{FAE04EC0-301F-11D3-BF4B-00C04F79EFBC}") = "API", "API.csproj", "{7BEAE95D-50A1-40E3-848D-7D4BBD22311A}"
EndProject
Project("{FAE04EC0-301F-11D3-BF4B-00C04F79EFBC}") = "Domain", "..\Domain\Domain.csproj", "{A65AAF67-7BF2-4966-AD0F-C015D558522B}"
EndProject
Project("{FAE04EC0-301F-11D3-BF4B-00C04F79EFBC}") = "Application", "..\Application\Application.csproj", "{D2A72D79-E6C5-415D-A757-30F6D2922A24}"
EndProject
Project("{FAE04EC0-301F-11D3-BF4B-00C04F79EFBC}") = "Persistance", "..\Persistance\Persistance.csproj", "{856587CB-D915-4058-91D5-EA88944949C7}"
EndProject
Global
	GlobalSection(SolutionConfigurationPlatforms) = preSolution
		Debug|Any CPU = Debug|Any CPU
		Release|Any CPU = Release|Any CPU
	EndGlobalSection
	GlobalSection(ProjectConfigurationPlatforms) = postSolution
		{7BEAE95D-50A1-40E3-848D-7D4BBD22311A}.Debug|Any CPU.ActiveCfg = Debug|Any CPU
		{7BEAE95D-50A1-40E3-848D-7D4BBD22311A}.Debug|Any CPU.Build.0 = Debug|Any CPU
		{7BEAE95D-50A1-40E3-848D-7D4BBD22311A}.Release|Any CPU.ActiveCfg = Release|Any CPU
		{7BEAE95D-50A1-40E3-848D-7D4BBD22311A}.Release|Any CPU.Build.0 = Release|Any CPU
		{A65AAF67-7BF2-4966-AD0F-C015D558522B}.Debug|Any CPU.ActiveCfg = Debug|Any CPU
		{A65AAF67-7BF2-4966-AD0F-C015D558522B}.Debug|Any CPU.Build.0 = Debug|Any CPU
		{A65AAF67-7BF2-4966-AD0F-C015D558522B}.Release|Any CPU.ActiveCfg = Release|Any CPU
		{A65AAF67-7BF2-4966-AD0F-C015D558522B}.Release|Any CPU.Build.0 = Release|Any CPU
		{D2A72D79-E6C5-415D-A757-30F6D2922A24}.Debug|Any CPU.ActiveCfg = Debug|Any CPU
		{D2A72D79-E6C5-415D-A757-30F6D2922A24}.Debug|Any CPU.Build.0 = Debug|Any CPU
		{D2A72D79-E6C5-415D-A757-30F6D2922A24}.Release|Any CPU.ActiveCfg = Release|Any CPU
		{D2A72D79-E6C5-415D-A757-30F6D2922A24}.Release|Any CPU.Build.0 = Release|Any CPU
		{856587CB-D915-4058-91D5-EA88944949C7}.Debug|Any CPU.ActiveCfg = Debug|Any CPU
		{856587CB-D915-4058-91D5-EA88944949C7}.Debug|Any CPU.Build.0 = Debug|Any CPU
		{856587CB-D915-4058-91D5-EA88944949C7}.Release|Any CPU.ActiveCfg = Release|Any CPU
		{856587CB-D915-4058-91D5-EA88944949C7}.Release|Any CPU.Build.0 = Release|Any CPU
	EndGlobalSection
	GlobalSection(SolutionProperties) = preSolution
		HideSolutionNode = FALSE
	EndGlobalSection
	GlobalSection(ExtensibilityGlobals) = postSolution
		SolutionGuid = {39BCCB9E-0A0F-41AB-942C-264C0C279FD8}
	EndGlobalSection
EndGlobal
